// !$*UTF8*$!
{
	archiveVersion = 1;
	classes = {
	};
	objectVersion = 46;
	objects = {

/* Begin PBXBuildFile section */
		DF51A5B2199A4E6B0096C132 /* AppDelegate.swift in Sources */ = {isa = PBXBuildFile; fileRef = DF51A5B1199A4E6B0096C132 /* AppDelegate.swift */; };
		DF51A5B4199A4E6B0096C132 /* ViewController.swift in Sources */ = {isa = PBXBuildFile; fileRef = DF51A5B3199A4E6B0096C132 /* ViewController.swift */; };
		DF51A5B7199A4E6B0096C132 /* Main.storyboard in Resources */ = {isa = PBXBuildFile; fileRef = DF51A5B5199A4E6B0096C132 /* Main.storyboard */; };
		DF51A5B9199A4E6B0096C132 /* Images.xcassets in Resources */ = {isa = PBXBuildFile; fileRef = DF51A5B8199A4E6B0096C132 /* Images.xcassets */; };
		DF51A5C5199A4E6B0096C132 /* XMLExampleTests.swift in Sources */ = {isa = PBXBuildFile; fileRef = DF51A5C4199A4E6B0096C132 /* XMLExampleTests.swift */; };
		DF51A5CF199A4E830096C132 /* XMLParser.swift in Sources */ = {isa = PBXBuildFile; fileRef = DF51A5CE199A4E830096C132 /* XMLParser.swift */; };
		DF9229FE199C32F100B79DA9 /* AppCell.swift in Sources */ = {isa = PBXBuildFile; fileRef = DF9229FD199C32F100B79DA9 /* AppCell.swift */; };
/* End PBXBuildFile section */

/* Begin PBXContainerItemProxy section */
		DF51A5BF199A4E6B0096C132 /* PBXContainerItemProxy */ = {
			isa = PBXContainerItemProxy;
			containerPortal = DF51A5A4199A4E6B0096C132 /* Project object */;
			proxyType = 1;
			remoteGlobalIDString = DF51A5AB199A4E6B0096C132;
			remoteInfo = XMLExample;
		};
/* End PBXContainerItemProxy section */

/* Begin PBXFileReference section */
		DF51A5AC199A4E6B0096C132 /* XMLExample.app */ = {isa = PBXFileReference; explicitFileType = wrapper.application; includeInIndex = 0; path = XMLExample.app; sourceTree = BUILT_PRODUCTS_DIR; };
		DF51A5B0199A4E6B0096C132 /* Info.plist */ = {isa = PBXFileReference; lastKnownFileType = text.plist.xml; path = Info.plist; sourceTree = "<group>"; };
		DF51A5B1199A4E6B0096C132 /* AppDelegate.swift */ = {isa = PBXFileReference; lastKnownFileType = sourcecode.swift; path = AppDelegate.swift; sourceTree = "<group>"; };
		DF51A5B3199A4E6B0096C132 /* ViewController.swift */ = {isa = PBXFileReference; lastKnownFileType = sourcecode.swift; path = ViewController.swift; sourceTree = "<group>"; };
		DF51A5B6199A4E6B0096C132 /* Base */ = {isa = PBXFileReference; lastKnownFileType = file.storyboard; name = Base; path = Base.lproj/Main.storyboard; sourceTree = "<group>"; };
		DF51A5B8199A4E6B0096C132 /* Images.xcassets */ = {isa = PBXFileReference; lastKnownFileType = folder.assetcatalog; path = Images.xcassets; sourceTree = "<group>"; };
		DF51A5BE199A4E6B0096C132 /* XMLExampleTests.xctest */ = {isa = PBXFileReference; explicitFileType = wrapper.cfbundle; includeInIndex = 0; path = XMLExampleTests.xctest; sourceTree = BUILT_PRODUCTS_DIR; };
		DF51A5C3199A4E6B0096C132 /* Info.plist */ = {isa = PBXFileReference; lastKnownFileType = text.plist.xml; path = Info.plist; sourceTree = "<group>"; };
		DF51A5C4199A4E6B0096C132 /* XMLExampleTests.swift */ = {isa = PBXFileReference; lastKnownFileType = sourcecode.swift; path = XMLExampleTests.swift; sourceTree = "<group>"; };
		DF51A5CE199A4E830096C132 /* XMLParser.swift */ = {isa = PBXFileReference; fileEncoding = 4; lastKnownFileType = sourcecode.swift; path = XMLParser.swift; sourceTree = "<group>"; };
		DF9229FD199C32F100B79DA9 /* AppCell.swift */ = {isa = PBXFileReference; fileEncoding = 4; lastKnownFileType = sourcecode.swift; path = AppCell.swift; sourceTree = "<group>"; };
		DF922A03199C3FF300B79DA9 /* README.md */ = {isa = PBXFileReference; fileEncoding = 4; lastKnownFileType = net.daringfireball.markdown; path = README.md; sourceTree = "<group>"; };
/* End PBXFileReference section */

/* Begin PBXFrameworksBuildPhase section */
		DF51A5A9199A4E6B0096C132 /* Frameworks */ = {
			isa = PBXFrameworksBuildPhase;
			buildActionMask = 2147483647;
			files = (
			);
			runOnlyForDeploymentPostprocessing = 0;
		};
		DF51A5BB199A4E6B0096C132 /* Frameworks */ = {
			isa = PBXFrameworksBuildPhase;
			buildActionMask = 2147483647;
			files = (
			);
			runOnlyForDeploymentPostprocessing = 0;
		};
/* End PBXFrameworksBuildPhase section */

/* Begin PBXGroup section */
		DF51A5A3199A4E6B0096C132 = {
			isa = PBXGroup;
			children = (
				DF922A03199C3FF300B79DA9 /* README.md */,
				DF51A5AE199A4E6B0096C132 /* XMLExample */,
				DF51A5C1199A4E6B0096C132 /* XMLExampleTests */,
				DF51A5AD199A4E6B0096C132 /* Products */,
			);
			sourceTree = "<group>";
		};
		DF51A5AD199A4E6B0096C132 /* Products */ = {
			isa = PBXGroup;
			children = (
				DF51A5AC199A4E6B0096C132 /* XMLExample.app */,
				DF51A5BE199A4E6B0096C132 /* XMLExampleTests.xctest */,
			);
			name = Products;
			sourceTree = "<group>";
		};
		DF51A5AE199A4E6B0096C132 /* XMLExample */ = {
			isa = PBXGroup;
			children = (
				DF51A5B1199A4E6B0096C132 /* AppDelegate.swift */,
				DF51A5B5199A4E6B0096C132 /* Main.storyboard */,
				DF9229FF199C32F500B79DA9 /* View Controllers */,
				DF922A00199C330000B79DA9 /* Model */,
				DF51A5B8199A4E6B0096C132 /* Images.xcassets */,
				DF51A5AF199A4E6B0096C132 /* Supporting Files */,
			);
			path = XMLExample;
			sourceTree = "<group>";
		};
		DF51A5AF199A4E6B0096C132 /* Supporting Files */ = {
			isa = PBXGroup;
			children = (
				DF51A5B0199A4E6B0096C132 /* Info.plist */,
			);
			name = "Supporting Files";
			sourceTree = "<group>";
		};
		DF51A5C1199A4E6B0096C132 /* XMLExampleTests */ = {
			isa = PBXGroup;
			children = (
				DF51A5C4199A4E6B0096C132 /* XMLExampleTests.swift */,
				DF51A5C2199A4E6B0096C132 /* Supporting Files */,
			);
			path = XMLExampleTests;
			sourceTree = "<group>";
		};
		DF51A5C2199A4E6B0096C132 /* Supporting Files */ = {
			isa = PBXGroup;
			children = (
				DF51A5C3199A4E6B0096C132 /* Info.plist */,
			);
			name = "Supporting Files";
			sourceTree = "<group>";
		};
		DF9229FF199C32F500B79DA9 /* View Controllers */ = {
			isa = PBXGroup;
			children = (
				DF51A5B3199A4E6B0096C132 /* ViewController.swift */,
				DF9229FD199C32F100B79DA9 /* AppCell.swift */,
			);
			name = "View Controllers";
			sourceTree = "<group>";
		};
		DF922A00199C330000B79DA9 /* Model */ = {
			isa = PBXGroup;
			children = (
				DF51A5CE199A4E830096C132 /* XMLParser.swift */,
			);
			name = Model;
			sourceTree = "<group>";
		};
/* End PBXGroup section */

/* Begin PBXNativeTarget section */
		DF51A5AB199A4E6B0096C132 /* XMLExample */ = {
			isa = PBXNativeTarget;
			buildConfigurationList = DF51A5C8199A4E6B0096C132 /* Build configuration list for PBXNativeTarget "XMLExample" */;
			buildPhases = (
				DF51A5A8199A4E6B0096C132 /* Sources */,
				DF51A5A9199A4E6B0096C132 /* Frameworks */,
				DF51A5AA199A4E6B0096C132 /* Resources */,
			);
			buildRules = (
			);
			dependencies = (
			);
			name = XMLExample;
			productName = XMLExample;
			productReference = DF51A5AC199A4E6B0096C132 /* XMLExample.app */;
			productType = "com.apple.product-type.application";
		};
		DF51A5BD199A4E6B0096C132 /* XMLExampleTests */ = {
			isa = PBXNativeTarget;
			buildConfigurationList = DF51A5CB199A4E6B0096C132 /* Build configuration list for PBXNativeTarget "XMLExampleTests" */;
			buildPhases = (
				DF51A5BA199A4E6B0096C132 /* Sources */,
				DF51A5BB199A4E6B0096C132 /* Frameworks */,
				DF51A5BC199A4E6B0096C132 /* Resources */,
			);
			buildRules = (
			);
			dependencies = (
				DF51A5C0199A4E6B0096C132 /* PBXTargetDependency */,
			);
			name = XMLExampleTests;
			productName = XMLExampleTests;
			productReference = DF51A5BE199A4E6B0096C132 /* XMLExampleTests.xctest */;
			productType = "com.apple.product-type.bundle.unit-test";
		};
/* End PBXNativeTarget section */

/* Begin PBXProject section */
		DF51A5A4199A4E6B0096C132 /* Project object */ = {
			isa = PBXProject;
			attributes = {
				LastUpgradeCheck = 0600;
				ORGANIZATIONNAME = "Stuart Breckenridge";
				TargetAttributes = {
					DF51A5AB199A4E6B0096C132 = {
						CreatedOnToolsVersion = 6.0;
					};
					DF51A5BD199A4E6B0096C132 = {
						CreatedOnToolsVersion = 6.0;
						TestTargetID = DF51A5AB199A4E6B0096C132;
					};
				};
			};
			buildConfigurationList = DF51A5A7199A4E6B0096C132 /* Build configuration list for PBXProject "XMLExample" */;
			compatibilityVersion = "Xcode 3.2";
			developmentRegion = English;
			hasScannedForEncodings = 0;
			knownRegions = (
				en,
				Base,
			);
			mainGroup = DF51A5A3199A4E6B0096C132;
			productRefGroup = DF51A5AD199A4E6B0096C132 /* Products */;
			projectDirPath = "";
			projectRoot = "";
			targets = (
				DF51A5AB199A4E6B0096C132 /* XMLExample */,
				DF51A5BD199A4E6B0096C132 /* XMLExampleTests */,
			);
		};
/* End PBXProject section */

/* Begin PBXResourcesBuildPhase section */
		DF51A5AA199A4E6B0096C132 /* Resources */ = {
			isa = PBXResourcesBuildPhase;
			buildActionMask = 2147483647;
			files = (
				DF51A5B7199A4E6B0096C132 /* Main.storyboard in Resources */,
				DF51A5B9199A4E6B0096C132 /* Images.xcassets in Resources */,
			);
			runOnlyForDeploymentPostprocessing = 0;
		};
		DF51A5BC199A4E6B0096C132 /* Resources */ = {
			isa = PBXResourcesBuildPhase;
			buildActionMask = 2147483647;
			files = (
			);
			runOnlyForDeploymentPostprocessing = 0;
		};
/* End PBXResourcesBuildPhase section */

/* Begin PBXSourcesBuildPhase section */
		DF51A5A8199A4E6B0096C132 /* Sources */ = {
			isa = PBXSourcesBuildPhase;
			buildActionMask = 2147483647;
			files = (
				DF9229FE199C32F100B79DA9 /* AppCell.swift in Sources */,
				DF51A5B4199A4E6B0096C132 /* ViewController.swift in Sources */,
				DF51A5B2199A4E6B0096C132 /* AppDelegate.swift in Sources */,
				DF51A5CF199A4E830096C132 /* XMLParser.swift in Sources */,
			);
			runOnlyForDeploymentPostprocessing = 0;
		};
		DF51A5BA199A4E6B0096C132 /* Sources */ = {
			isa = PBXSourcesBuildPhase;
			buildActionMask = 2147483647;
			files = (
				DF51A5C5199A4E6B0096C132 /* XMLExampleTests.swift in Sources */,
			);
			runOnlyForDeploymentPostprocessing = 0;
		};
/* End PBXSourcesBuildPhase section */

/* Begin PBXTargetDependency section */
		DF51A5C0199A4E6B0096C132 /* PBXTargetDependency */ = {
			isa = PBXTargetDependency;
			target = DF51A5AB199A4E6B0096C132 /* XMLExample */;
			targetProxy = DF51A5BF199A4E6B0096C132 /* PBXContainerItemProxy */;
		};
/* End PBXTargetDependency section */

/* Begin PBXVariantGroup section */
		DF51A5B5199A4E6B0096C132 /* Main.storyboard */ = {
			isa = PBXVariantGroup;
			children = (
				DF51A5B6199A4E6B0096C132 /* Base */,
			);
			name = Main.storyboard;
			sourceTree = "<group>";
		};
/* End PBXVariantGroup section */

/* Begin XCBuildConfiguration section */
		DF51A5C6199A4E6B0096C132 /* Debug */ = {
			isa = XCBuildConfiguration;
			buildSettings = {
				ALWAYS_SEARCH_USER_PATHS = NO;
				CLANG_CXX_LANGUAGE_STANDARD = "gnu++0x";
				CLANG_CXX_LIBRARY = "libc++";
				CLANG_ENABLE_MODULES = YES;
				CLANG_ENABLE_OBJC_ARC = YES;
				CLANG_WARN_BOOL_CONVERSION = YES;
				CLANG_WARN_CONSTANT_CONVERSION = YES;
				CLANG_WARN_DIRECT_OBJC_ISA_USAGE = YES_ERROR;
				CLANG_WARN_EMPTY_BODY = YES;
				CLANG_WARN_ENUM_CONVERSION = YES;
				CLANG_WARN_INT_CONVERSION = YES;
				CLANG_WARN_OBJC_ROOT_CLASS = YES_ERROR;
				CLANG_WARN_UNREACHABLE_CODE = YES;
				CLANG_WARN__DUPLICATE_METHOD_MATCH = YES;
				"CODE_SIGN_IDENTITY[sdk=iphoneos*]" = "iPhone Developer";
				COPY_PHASE_STRIP = NO;
				ENABLE_STRICT_OBJC_MSGSEND = YES;
				GCC_C_LANGUAGE_STANDARD = gnu99;
				GCC_DYNAMIC_NO_PIC = NO;
				GCC_OPTIMIZATION_LEVEL = 0;
				GCC_PREPROCESSOR_DEFINITIONS = (
					"DEBUG=1",
					"$(inherited)",
				);
				GCC_SYMBOLS_PRIVATE_EXTERN = NO;
				GCC_WARN_64_TO_32_BIT_CONVERSION = YES;
				GCC_WARN_ABOUT_RETURN_TYPE = YES_ERROR;
				GCC_WARN_UNDECLARED_SELECTOR = YES;
				GCC_WARN_UNINITIALIZED_AUTOS = YES_AGGRESSIVE;
				GCC_WARN_UNUSED_FUNCTION = YES;
				GCC_WARN_UNUSED_VARIABLE = YES;
				IPHONEOS_DEPLOYMENT_TARGET = 8.0;
				MTL_ENABLE_DEBUG_INFO = YES;
				ONLY_ACTIVE_ARCH = YES;
				SDKROOT = iphoneos;
				SWIFT_INSTALL_OBJC_HEADER = YES;
				SWIFT_OPTIMIZATION_LEVEL = "-Onone";
			};
			name = Debug;
		};
		DF51A5C7199A4E6B0096C132 /* Release */ = {
			isa = XCBuildConfiguration;
			buildSettings = {
				ALWAYS_SEARCH_USER_PATHS = NO;
				CLANG_CXX_LANGUAGE_STANDARD = "gnu++0x";
				CLANG_CXX_LIBRARY = "libc++";
				CLANG_ENABLE_MODULES = YES;
				CLANG_ENABLE_OBJC_ARC = YES;
				CLANG_WARN_BOOL_CONVERSION = YES;
				CLANG_WARN_CONSTANT_CONVERSION = YES;
				CLANG_WARN_DIRECT_OBJC_ISA_USAGE = YES_ERROR;
				CLANG_WARN_EMPTY_BODY = YES;
				CLANG_WARN_ENUM_CONVERSION = YES;
				CLANG_WARN_INT_CONVERSION = YES;
				CLANG_WARN_OBJC_ROOT_CLASS = YES_ERROR;
				CLANG_WARN_UNREACHABLE_CODE = YES;
				CLANG_WARN__DUPLICATE_METHOD_MATCH = YES;
				"CODE_SIGN_IDENTITY[sdk=iphoneos*]" = "iPhone Developer";
				COPY_PHASE_STRIP = YES;
				ENABLE_NS_ASSERTIONS = NO;
				ENABLE_STRICT_OBJC_MSGSEND = YES;
				GCC_C_LANGUAGE_STANDARD = gnu99;
				GCC_WARN_64_TO_32_BIT_CONVERSION = YES;
				GCC_WARN_ABOUT_RETURN_TYPE = YES_ERROR;
				GCC_WARN_UNDECLARED_SELECTOR = YES;
				GCC_WARN_UNINITIALIZED_AUTOS = YES_AGGRESSIVE;
				GCC_WARN_UNUSED_FUNCTION = YES;
				GCC_WARN_UNUSED_VARIABLE = YES;
				IPHONEOS_DEPLOYMENT_TARGET = 8.0;
				MTL_ENABLE_DEBUG_INFO = NO;
				SDKROOT = iphoneos;
				SWIFT_INSTALL_OBJC_HEADER = YES;
				VALIDATE_PRODUCT = YES;
			};
			name = Release;
		};
		DF51A5C9199A4E6B0096C132 /* Debug */ = {
			isa = XCBuildConfiguration;
			buildSettings = {
				ASSETCATALOG_COMPILER_APPICON_NAME = AppIcon;
				ASSETCATALOG_COMPILER_LAUNCHIMAGE_NAME = LaunchImage;
				CLANG_ENABLE_MODULES = YES;
				INFOPLIST_FILE = XMLExample/Info.plist;
				LD_RUNPATH_SEARCH_PATHS = "$(inherited) @executable_path/Frameworks";
				PRODUCT_NAME = "$(TARGET_NAME)";
				SWIFT_OBJC_BRIDGING_HEADER = "";
				SWIFT_OPTIMIZATION_LEVEL = "-Onone";
			};
			name = Debug;
		};
		DF51A5CA199A4E6B0096C132 /* Release */ = {
			isa = XCBuildConfiguration;
			buildSettings = {
				ASSETCATALOG_COMPILER_APPICON_NAME = AppIcon;
				ASSETCATALOG_COMPILER_LAUNCHIMAGE_NAME = LaunchImage;
				CLANG_ENABLE_MODULES = YES;
				INFOPLIST_FILE = XMLExample/Info.plist;
				LD_RUNPATH_SEARCH_PATHS = "$(inherited) @executable_path/Frameworks";
				PRODUCT_NAME = "$(TARGET_NAME)";
				SWIFT_OBJC_BRIDGING_HEADER = "";
			};
			name = Release;
		};
		DF51A5CC199A4E6B0096C132 /* Debug */ = {
			isa = XCBuildConfiguration;
			buildSettings = {
				BUNDLE_LOADER = "$(TEST_HOST)";
				FRAMEWORK_SEARCH_PATHS = (
					"$(SDKROOT)/Developer/Library/Frameworks",
					"$(inherited)",
				);
				GCC_PREPROCESSOR_DEFINITIONS = (
					"DEBUG=1",
					"$(inherited)",
				);
				INFOPLIST_FILE = XMLExampleTests/Info.plist;
				LD_RUNPATH_SEARCH_PATHS = "$(inherited) @executable_path/Frameworks @loader_path/Frameworks";
				PRODUCT_NAME = "$(TARGET_NAME)";
				TEST_HOST = "$(BUILT_PRODUCTS_DIR)/XMLExample.app/XMLExample";
			};
			name = Debug;
		};
		DF51A5CD199A4E6B0096C132 /* Release */ = {
			isa = XCBuildConfiguration;
			buildSettings = {
				BUNDLE_LOADER = "$(TEST_HOST)";
				FRAMEWORK_SEARCH_PATHS = (
					"$(SDKROOT)/Developer/Library/Frameworks",
					"$(inherited)",
				);
				INFOPLIST_FILE = XMLExampleTests/Info.plist;
				LD_RUNPATH_SEARCH_PATHS = "$(inherited) @executable_path/Frameworks @loader_path/Frameworks";
				PRODUCT_NAME = "$(TARGET_NAME)";
				TEST_HOST = "$(BUILT_PRODUCTS_DIR)/XMLExample.app/XMLExample";
			};
			name = Release;
		};
/* End XCBuildConfiguration section */

/* Begin XCConfigurationList section */
		DF51A5A7199A4E6B0096C132 /* Build configuration list for PBXProject "XMLExample" */ = {
			isa = XCConfigurationList;
			buildConfigurations = (
				DF51A5C6199A4E6B0096C132 /* Debug */,
				DF51A5C7199A4E6B0096C132 /* Release */,
			);
			defaultConfigurationIsVisible = 0;
			defaultConfigurationName = Release;
		};
		DF51A5C8199A4E6B0096C132 /* Build configuration list for PBXNativeTarget "XMLExample" */ = {
			isa = XCConfigurationList;
			buildConfigurations = (
				DF51A5C9199A4E6B0096C132 /* Debug */,
				DF51A5CA199A4E6B0096C132 /* Release */,
			);
			defaultConfigurationIsVisible = 0;
			defaultConfigurationName = Release;
		};
		DF51A5CB199A4E6B0096C132 /* Build configuration list for PBXNativeTarget "XMLExampleTests" */ = {
			isa = XCConfigurationList;
			buildConfigurations = (
				DF51A5CC199A4E6B0096C132 /* Debug */,
				DF51A5CD199A4E6B0096C132 /* Release */,
			);
			defaultConfigurationIsVisible = 0;
			defaultConfigurationName = Release;
		};
/* End XCConfigurationList section */
	};
	rootObject = DF51A5A4199A4E6B0096C132 /* Project object */;
}
